{
  "version": "2",
  "remote": {
    "https://cdn.skypack.dev/-/@octokit/app@v13.0.11-zBJ4DnGhsZ65rtCJEjtY/dist=es2019,mode=imports/optimized/@octokit/app.js": "00ae5c20fdde16d2220d6486ccb30bf57c415a77e784352308e3b573134b2595",
    "https://cdn.skypack.dev/-/@octokit/auth-app@v4.0.7-1AnLj7JP4l2aSSwgn01b/dist=es2019,mode=imports/optimized/@octokit/auth-app.js": "b6db303e66ec8eb0b3baa2e45aed6ce1408499ad3416d6f3fccad7e4f3ba259a",
    "https://cdn.skypack.dev/-/@octokit/auth-oauth-app@v5.0.3-KHKqhzIaUoZm2j2wNMjZ/dist=es2019,mode=imports/optimized/@octokit/auth-oauth-app.js": "c715ce8c7135033d1c98458e7c8db2a6fdcd7d6e3f3b4c70684a9a39af0f08da",
    "https://cdn.skypack.dev/-/@octokit/auth-oauth-app@v5.0.4-K3MpIsAqbhz2CA30nMiK/dist=es2019,mode=imports/optimized/@octokit/auth-oauth-app.js": "67b06457fccf4a63ff00482b7db85c899edb7d879f87d063d89bcfe7ccf3d7b2",
    "https://cdn.skypack.dev/-/@octokit/auth-oauth-device@v4.0.0-21ZvEdd1SS8HlgfjSRX3/dist=es2019,mode=imports/optimized/@octokit/auth-oauth-device.js": "8b1ec39136e10d4ef35d6f95750fe2d5b312d4beb6a8adf63d6ca9d55b65468a",
    "https://cdn.skypack.dev/-/@octokit/auth-oauth-device@v4.0.3-uQIkIlPtGc5xf168qKnD/dist=es2019,mode=imports/optimized/@octokit/auth-oauth-device.js": "963145722341c398d0bd682b0e012361e4247c6ea961481365cf379309e76e70",
    "https://cdn.skypack.dev/-/@octokit/auth-oauth-user@v2.0.3-H76HxwXbCs24vGEsPs90/dist=es2019,mode=imports/optimized/@octokit/auth-oauth-user.js": "f9f0abbc204e38055156f5f1cfcdabb2565becf2fad3eeabc4e16f8539e974a7",
    "https://cdn.skypack.dev/-/@octokit/auth-oauth-user@v2.0.4-axpCBcC3ixss7ssDzkv0/dist=es2019,mode=imports/optimized/@octokit/auth-oauth-user.js": "3797bad38f76fec3630a8e816521b7f6814a9b9fbf789f0d28c308351da1e0fc",
    "https://cdn.skypack.dev/-/@octokit/auth-token@v3.0.1-ly74qZR7OArBGuuxxQmj/dist=es2019,mode=imports/optimized/@octokit/auth-token.js": "5247df74f0bd63d994d1ab5b52265761cf2eb1b67f12171a030ebef4027d5eb6",
    "https://cdn.skypack.dev/-/@octokit/auth-unauthenticated@v3.0.2-VCusMLt1J4pQNIwdduhi/dist=es2019,mode=imports/optimized/@octokit/auth-unauthenticated.js": "6137d8bfb4fe4e2e916f657d10e1ce52050df5cd9104a38c119a4586a77edbc9",
    "https://cdn.skypack.dev/-/@octokit/auth-unauthenticated@v3.0.3-aETbAsmUKpEnrKvlOKrn/dist=es2019,mode=imports/optimized/@octokit/auth-unauthenticated.js": "6137d8bfb4fe4e2e916f657d10e1ce52050df5cd9104a38c119a4586a77edbc9",
    "https://cdn.skypack.dev/-/@octokit/core@v4.0.5-DCTGyLHthf6deTvrXINL/dist=es2019,mode=imports/optimized/@octokit/core.js": "d2a551b345ddd5115504d2bfedf207e02cbca08d97ca3f2d39f79a9f56516680",
    "https://cdn.skypack.dev/-/@octokit/core@v4.1.0-37dPUv7ak0haD8P2SFOh/dist=es2019,mode=imports/optimized/@octokit/core.js": "c7a74b5d6a1dd996e503ca667e51746006e7b7b87449ca0e3a96cf970f795c76",
    "https://cdn.skypack.dev/-/@octokit/endpoint@v7.0.0-BBk8IA1IZH4Up0KLG2rH/dist=es2019,mode=imports/optimized/@octokit/endpoint.js": "d5b1a2fa37a596dd6dbe723386702d37f5c3589f8ed9d2ef566c2a7f61f1d18b",
    "https://cdn.skypack.dev/-/@octokit/endpoint@v7.0.1-G7HZjabr8F8y2A0T4Riu/dist=es2019,mode=imports/optimized/@octokit/endpoint.js": "8e48811ec3048329b3c4048acbf4d691b7674e0416a837ff85623682e56843ac",
    "https://cdn.skypack.dev/-/@octokit/endpoint@v7.0.3-qAKvgTmZVvPvlZmtx3DJ/dist=es2019,mode=imports/optimized/@octokit/endpoint.js": "53598eeb2952f4b1b728d6229684f298ea97f615a02de9611045e5dcd8a013d6",
    "https://cdn.skypack.dev/-/@octokit/graphql@v5.0.1-tFqFBBjqovMhaeUYxj1b/dist=es2019,mode=imports/optimized/@octokit/graphql.js": "feffef10dca0768b5bccbf79776665b84b310d5990cf25740645a3ac27b257f8",
    "https://cdn.skypack.dev/-/@octokit/oauth-app@v4.1.0-UUoOYzHp6pdBTEBi97ew/dist=es2019,mode=imports/optimized/@octokit/oauth-app.js": "8244be6a4f21ce07221900eac4e6136813fd38c413c03888b6e5a5b1c9a6a0cf",
    "https://cdn.skypack.dev/-/@octokit/oauth-authorization-url@v5.0.0-5uWV8VYCvdtPxRacE2TN/dist=es2019,mode=imports/optimized/@octokit/oauth-authorization-url.js": "3f5f32b65697d43eb0bea5ed84abacb86b7e197d779982eb897ee5e520c4f6bb",
    "https://cdn.skypack.dev/-/@octokit/oauth-methods@v2.0.2-l7qL9teeniXEXhj7gK0c/dist=es2019,mode=imports/optimized/@octokit/oauth-methods.js": "9cdd3f9e406197a2aaf6292867ed7885c4bd36fbeeac097536414657cb9bf89d",
    "https://cdn.skypack.dev/-/@octokit/oauth-methods@v2.0.3-LbPhfbSVgxkk3JgaHmFI/dist=es2019,mode=imports/optimized/@octokit/oauth-methods.js": "bd7a36b9f025e8bb5b0ab40a43b4880d584c9ea931ba09a98d851608298c9a3b",
    "https://cdn.skypack.dev/-/@octokit/plugin-paginate-rest@v5.0.1-0eAHh8pCG38u6gOz7Yyr/dist=es2019,mode=imports/optimized/@octokit/plugin-paginate-rest.js": "b82bd0e5194174eb66cfd6ee016faab0f46e2330da768d9bc0f69d62f3aa2681",
    "https://cdn.skypack.dev/-/@octokit/plugin-rest-endpoint-methods@v6.7.0-RRl1lE15Kk7LVJcVYsef/dist=es2019,mode=imports/optimized/@octokit/plugin-rest-endpoint-methods.js": "ff03049e7ab75e4ceb7750b9d790bd73096af4423c22fe55fab4ea3efc5b3ca5",
    "https://cdn.skypack.dev/-/@octokit/plugin-retry@v4.0.3-LbZwwRUOmnbwxZ3v2E5E/dist=es2019,mode=imports/optimized/@octokit/plugin-retry.js": "864671fd25209d4bb4bd3303c0b92742e397fa10979deef72883837448f7e42d",
    "https://cdn.skypack.dev/-/@octokit/plugin-throttling@v4.3.1-yXLxI49n6Icgfim0lZlQ/dist=es2019,mode=imports/optimized/@octokit/plugin-throttling.js": "0e3382b3aaa40bfe81300e66a6e2e15c0822e352da18c501b772b81817ce88ae",
    "https://cdn.skypack.dev/-/@octokit/request-error@v3.0.0-BcvKKAt0S3LP5SlMLpJZ/dist=es2019,mode=imports/optimized/@octokit/request-error.js": "72409dbe6dabfeed08701e925eb837aa7965c58cdeed3dcedd345d0037965837",
    "https://cdn.skypack.dev/-/@octokit/request-error@v3.0.1-jQxWMiDE62mP2cyoSEDi/dist=es2019,mode=imports/optimized/@octokit/request-error.js": "72409dbe6dabfeed08701e925eb837aa7965c58cdeed3dcedd345d0037965837",
    "https://cdn.skypack.dev/-/@octokit/request-error@v3.0.2-JmEYUgONS3hRDLQaCOAP/dist=es2019,mode=imports/optimized/@octokit/request-error.js": "72409dbe6dabfeed08701e925eb837aa7965c58cdeed3dcedd345d0037965837",
    "https://cdn.skypack.dev/-/@octokit/request@v6.0.2-bqAQLtM89mFJkDYxoYIX/dist=es2019,mode=imports/optimized/@octokit/request.js": "9a10a249a358f0b7ee8c75d427cf7ecb5f64827262de66f5726a73c62d490a11",
    "https://cdn.skypack.dev/-/@octokit/request@v6.2.0-q5zDfQxDJi3pZbyD3Pga/dist=es2019,mode=imports/optimized/@octokit/request.js": "353fb43f81e1d47d30cd0ce0f6e3826f3250deba2550375f98d5bd92df48019e",
    "https://cdn.skypack.dev/-/@octokit/request@v6.2.1-nNBYVdjyDnH6n0gpygNS/dist=es2019,mode=imports/optimized/@octokit/request.js": "e8af30d249bd11ae484ae3f1b3581fb819e84abaa5e8ea01fcb6718cd2fd4e5a",
    "https://cdn.skypack.dev/-/@octokit/request@v6.2.2-QeQLqIePxKxHvkZWYfNG/dist=es2019,mode=imports/optimized/@octokit/request.js": "7a99d2059127b16007f77938b3097d079d86d46bf44c03186852818837af3045",
    "https://cdn.skypack.dev/-/@octokit/webhooks-methods@v3.0.1-oQypoOGe8xHByueBrtQz/dist=es2019,mode=imports/optimized/@octokit/webhooks-methods.js": "a93769f443debe70e6900fcd50dede0eaf92c8a3a3cc1a8c709cb23a3f2b9dfe",
    "https://cdn.skypack.dev/-/@octokit/webhooks-types@v6.7.0-m3fQwZNWEkfSmixWbiNL/dist=es2019,mode=imports/optimized/@octokit/webhooks-types.js": "5d71afac9a0636b438aff7daa03026bc53a42b37fb59459792dee56119b9ae05",
    "https://cdn.skypack.dev/-/@octokit/webhooks-types@v6.7.0-m3fQwZNWEkfSmixWbiNL/dist=es2019,mode=types/schema.d.ts": "f6387da7f912e8fe9887b79d01350466ff89505e20061c416c7ccda7e9ed3a09",
    "https://cdn.skypack.dev/-/@octokit/webhooks@v10.3.0-fFytQH1U5V7EI8Owu5r6/dist=es2019,mode=imports/optimized/@octokit/webhooks.js": "290ba10ccd48f394e8cf10540c830e18863b6d6e434747b4a140f8ec0a5712bb",
    "https://cdn.skypack.dev/-/aggregate-error@v3.1.0-SEj1cA2tvXZcRXebUHUI/dist=es2019,mode=imports/optimized/aggregate-error.js": "b45ee295989671717cbab4464be9d23fd49f07c2e581e02982682da15e4892dc",
    "https://cdn.skypack.dev/-/before-after-hook@v2.2.2-pi5OVaqfPuA5i8u2q0Od/dist=es2019,mode=imports/optimized/before-after-hook.js": "d8dc01095d8c3892f00eafc8a9a6ccdcad3502aa91bbdbcf575916ab203e08f4",
    "https://cdn.skypack.dev/-/before-after-hook@v2.2.3-BExrEObnN5fqJ4Awg6nm/dist=es2019,mode=imports/optimized/before-after-hook.js": "d8dc01095d8c3892f00eafc8a9a6ccdcad3502aa91bbdbcf575916ab203e08f4",
    "https://cdn.skypack.dev/-/bottleneck@v2.19.5-WnyfIkTTdKNNPUEySJVJ/dist=es2019,mode=imports/unoptimized/light.js": "8cc75c9dfa1f58a9bd0a17f10d9b97dba8858974a9a6e1e47c20ce437ac72933",
    "https://cdn.skypack.dev/-/btoa-lite@v1.0.0-EdoP2Wejbuei0whftaMM/dist=es2019,mode=imports/optimized/btoa-lite.js": "b35ceac34a43204c2b83ba544ea242bebc74559e2806b428fbf3f1ff01f33c0a",
    "https://cdn.skypack.dev/-/clean-stack@v2.2.0-T6Q1GM86WL6IIYyWyZOC/dist=es2019,mode=imports/optimized/clean-stack.js": "667d9dc9ef257456514af427132e6901b3905018d2820d5afe91bf6cf8f3e25a",
    "https://cdn.skypack.dev/-/debug@v4.3.4-o4liVvMlOnQWbLSYZMXw/dist=es2019,mode=imports/optimized/debug.js": "671100993996e39b501301a87000607916d4d2d9f8fc8e9c5200ae5ba64a1389",
    "https://cdn.skypack.dev/-/deprecation@v2.3.1-uvOjAQiALAZPHmrlznlP/dist=es2019,mode=imports/optimized/deprecation.js": "193048b24ad63bc08fa2acbc65df7b57ddd8421aec8abf378e38e6978b5c0b33",
    "https://cdn.skypack.dev/-/fromentries@v1.3.2-qYxyAByWUOc2c43u3HGD/dist=es2019,mode=imports/optimized/fromentries.js": "5dbe4bf99006cc8c3d35b70397b50df940a21305f3bab2e7d2725b7032bf40fa",
    "https://cdn.skypack.dev/-/indent-string@v4.0.0-oHjbEh2BQXR9CwWQa6OC/dist=es2019,mode=imports/optimized/indent-string.js": "dbb1aa469bf28abf32c15fcf349fd974b5cfcea9411869fd0c9cf9c6cdf69e1a",
    "https://cdn.skypack.dev/-/is-plain-object@v5.0.0-8mrVMp9y5RYdpZYGe1Tt/dist=es2019,mode=imports/optimized/is-plain-object.js": "c3fcee678ef371dba4c260b766215ad645777e698f6f857738b6c4b98ad34b93",
    "https://cdn.skypack.dev/-/lru-cache@v6.0.0-IF3dXOIuVvZ6NoDdLuhR/dist=es2019,mode=imports/optimized/lru-cache.js": "9f317410d01919ed5e8979525691dbfffd87ce4e42be8b9c3ed9cd6fbc95236c",
    "https://cdn.skypack.dev/-/ms@v2.1.2-giBDZ1IA5lmQ3ZXaa87V/dist=es2019,mode=imports/optimized/ms.js": "fd88e2d51900437011f1ad232f3393ce97db1b87a7844b3c58dd6d65562c1276",
    "https://cdn.skypack.dev/-/octokit@v2.0.10-WLCkjROKlgxv7dee4dua/dist=es2019,mode=imports/optimized/octokit.js": "31174369b4a59d5c2c7a791b3c517f982d2052faee955fc10b3432bf0f416e12",
    "https://cdn.skypack.dev/-/once@v1.4.0-dZva3nt1fLBY6vpXF5Hj/dist=es2019,mode=imports/optimized/once.js": "2ecef4cecb6b0f4aec108af8e23b1d23304494bea8fc569464a6c2a11fda6486",
    "https://cdn.skypack.dev/-/universal-github-app-jwt@v1.1.0-BsFOZNxZE8MA1PGhdsIT/dist=es2019,mode=imports/optimized/universal-github-app-jwt.js": "367de9cf09ba5aa1a06da34fc6c667e16709a754cd3c72255a4458648359f499",
    "https://cdn.skypack.dev/-/universal-user-agent@v6.0.0-fUAPE3UH5QP7qG0fd0dH/dist=es2019,mode=imports/optimized/universal-user-agent.js": "24df9219684b303ca065c02733e601d11b3ed63a35ec8e473094006d65f6ded9",
    "https://cdn.skypack.dev/-/wrappy@v1.0.2-e8nLh7Qms0NRhbAbUpJP/dist=es2019,mode=imports/optimized/wrappy.js": "01dc1f36207f5400dad37bac2acddb2de0466953f289b8c84b7100e8b160fbb2",
    "https://cdn.skypack.dev/-/yallist@v4.0.0-zGx9utyhIe9lDU5JvFtt/dist=es2019,mode=imports/optimized/yallist.js": "4854561a2ed352e797634de4d204325dcd352d25fd70a1a5780f355347d9ee53",
    "https://cdn.skypack.dev/@octokit/webhooks-types?dts": "cf222e308a3f498259d8cde7d128c81151426d9e4eccc4f58439bc76923e33bf",
    "https://cdn.skypack.dev/debug@4.3.4": "7b1d010cc930f71b940ba5941da055bc181115229e29de7214bdb4425c68ea76",
    "https://cdn.skypack.dev/octokit": "b6a6430fbb5919fcc915905d065e8be27ab7195bb5ce826f2e07cd464009b81b",
    "https://deno.land/std@0.114.0/_util/assert.ts": "2f868145a042a11d5ad0a3c748dcf580add8a0dbc0e876eaa0026303a5488f58",
    "https://deno.land/std@0.114.0/datetime/formatter.ts": "bf7befcd2c55c3060be199ebc10e40f9c33aef6141c20f7c781d03beef25a49e",
    "https://deno.land/std@0.114.0/datetime/mod.ts": "ddbf54ca8144583cdf16f49b5a69c6b4594215d7b14fef8fecc5ff73911da9e3",
    "https://deno.land/std@0.114.0/datetime/tokenizer.ts": "492bb6251e75e0c03d5a89a66bd2b03e08e9cbc298d51e002cf59378aaa32c48",
    "https://deno.land/std@0.114.0/http/cookie.ts": "72f6bef1d2a092b1846747dfc00a9764aac7b218eccbdc37ca43dee5973d47c8",
    "https://deno.land/std@0.136.0/async/abortable.ts": "87aa7230be8360c24ad437212311c9e8d4328854baec27b4c7abb26e85515c06",
    "https://deno.land/std@0.136.0/async/deadline.ts": "48ac998d7564969f3e6ec6b6f9bf0217ebd00239b1b2292feba61272d5dd58d0",
    "https://deno.land/std@0.136.0/async/debounce.ts": "564273ef242bcfcda19a439132f940db8694173abffc159ea34f07d18fc42620",
    "https://deno.land/std@0.136.0/async/deferred.ts": "bc18e28108252c9f67dfca2bbc4587c3cbf3aeb6e155f8c864ca8ecff992b98a",
    "https://deno.land/std@0.136.0/async/delay.ts": "cbbdf1c87d1aed8edc7bae13592fb3e27e3106e0748f089c263390d4f49e5f6c",
    "https://deno.land/std@0.136.0/async/mod.ts": "2240c6841157738414331f47dee09bb8c0482c5b1980b6e3234dd03515c8132f",
    "https://deno.land/std@0.136.0/async/mux_async_iterator.ts": "f4d1d259b0c694d381770ddaaa4b799a94843eba80c17f4a2ec2949168e52d1e",
    "https://deno.land/std@0.136.0/async/pool.ts": "97b0dd27c69544e374df857a40902e74e39532f226005543eabacb551e277082",
    "https://deno.land/std@0.136.0/async/tee.ts": "1341feb1f5b1a96f8628d0f8fc07d8c43d3813423f18a63bf1b4785568d21b1f",
    "https://deno.land/std@0.136.0/http/http_status.ts": "71838ad33cb03ff2575f5e8fdea5f930979cdff8a81c11ade497f11d4c026019",
    "https://deno.land/std@0.162.0/_util/assert.ts": "e94f2eb37cebd7f199952e242c77654e43333c1ac4c5c700e929ea3aa5489f74",
    "https://deno.land/std@0.162.0/_util/os.ts": "8a33345f74990e627b9dfe2de9b040004b08ea5146c7c9e8fe9a29070d193934",
    "https://deno.land/std@0.162.0/async/deferred.ts": "d8fb253ffde2a056e4889ef7e90f3928f28be9f9294b6505773d33f136aab4e6",
    "https://deno.land/std@0.162.0/async/delay.ts": "0419dfc993752849692d1f9647edf13407c7facc3509b099381be99ffbc9d699",
    "https://deno.land/std@0.162.0/bytes/bytes_list.ts": "aba5e2369e77d426b10af1de0dcc4531acecec27f9b9056f4f7bfbf8ac147ab4",
    "https://deno.land/std@0.162.0/bytes/equals.ts": "3c3558c3ae85526f84510aa2b48ab2ad7bdd899e2e0f5b7a8ffc85acb3a6043a",
    "https://deno.land/std@0.162.0/bytes/mod.ts": "b2e342fd3669176a27a4e15061e9d588b89c1aaf5008ab71766e23669565d179",
    "https://deno.land/std@0.162.0/io/buffer.ts": "fae02290f52301c4e0188670e730cd902f9307fb732d79c4aa14ebdc82497289",
    "https://deno.land/std@0.162.0/io/types.d.ts": "107e1e64834c5ba917c783f446b407d33432c5d612c4b3430df64fc2b4ecf091",
    "https://deno.land/std@0.162.0/path/_constants.ts": "df1db3ffa6dd6d1252cc9617e5d72165cd2483df90e93833e13580687b6083c3",
    "https://deno.land/std@0.162.0/path/_interface.ts": "ee3b431a336b80cf445441109d089b70d87d5e248f4f90ff906820889ecf8d09",
    "https://deno.land/std@0.162.0/path/_util.ts": "d16be2a16e1204b65f9d0dfc54a9bc472cafe5f4a190b3c8471ec2016ccd1677",
    "https://deno.land/std@0.162.0/path/common.ts": "bee563630abd2d97f99d83c96c2fa0cca7cee103e8cb4e7699ec4d5db7bd2633",
    "https://deno.land/std@0.162.0/path/glob.ts": "cb5255638de1048973c3e69e420c77dc04f75755524cb3b2e160fe9277d939ee",
    "https://deno.land/std@0.162.0/path/mod.ts": "56fec03ad0ebd61b6ab39ddb9b0ddb4c4a5c9f2f4f632e09dd37ec9ebfd722ac",
    "https://deno.land/std@0.162.0/path/posix.ts": "6b63de7097e68c8663c84ccedc0fd977656eb134432d818ecd3a4e122638ac24",
    "https://deno.land/std@0.162.0/path/separator.ts": "fe1816cb765a8068afb3e8f13ad272351c85cbc739af56dacfc7d93d710fe0f9",
    "https://deno.land/std@0.162.0/path/win32.ts": "ee8826dce087d31c5c81cd414714e677eb68febc40308de87a2ce4b40e10fb8d",
    "https://deno.land/std@0.162.0/streams/buffer.ts": "357d725e1c13ee48af5e5da50ef8811ac8b12926d477ec0e3b40fed6d8d83dd2",
    "https://deno.land/std@0.162.0/streams/conversion.ts": "555c6c249f3acf85655f2d0af52d1cb3168e40b1c1fa26beefea501b333abe28",
    "https://deno.land/std@0.162.0/streams/delimiter.ts": "e18febbded53df275a897fac9249a6d0a6a5efc943256ad0f6cb23bf4d757668",
    "https://deno.land/std@0.162.0/streams/merge.ts": "88ed3dfa030ae076802688e4cadd762a251a41d81ed1776dfd9a2a9a0e970195",
    "https://deno.land/std@0.162.0/streams/mod.ts": "f402791689d74bd091ecf8f4015bc5b7d5c18132a55c7c72fe0576d1fb254cf9",
    "https://deno.land/std@0.164.0/_util/asserts.ts": "d0844e9b62510f89ce1f9878b046f6a57bf88f208a10304aab50efcb48365272",
    "https://deno.land/std@0.164.0/crypto/_fnv/fnv32.ts": "aa9bddead8c6345087d3abd4ef35fb9655622afc333fc41fff382b36e64280b5",
    "https://deno.land/std@0.164.0/crypto/_fnv/fnv64.ts": "625d7e7505b6cb2e9801b5fd6ed0a89256bac12b2bbb3e4664b85a88b0ec5bef",
    "https://deno.land/std@0.164.0/crypto/_fnv/index.ts": "a8f6a361b4c6d54e5e89c16098f99b6962a1dd6ad1307dbc97fa1ecac5d7060a",
    "https://deno.land/std@0.164.0/crypto/_fnv/util.ts": "4848313bed7f00f55be3cb080aa0583fc007812ba965b03e4009665bde614ce3",
    "https://deno.land/std@0.164.0/crypto/_wasm/lib/deno_std_wasm_crypto.generated.mjs": "71c1ac20f32fdbdc9b31a14917779c7fa392dbc8b050059cbb2c35b400b975b1",
    "https://deno.land/std@0.164.0/crypto/_wasm/mod.ts": "b49ec171049bbbaaed3c5a5a71dfcb3d09f880607c8d9c517638d0443bd0f874",
    "https://deno.land/std@0.164.0/crypto/keystack.ts": "e481eed28007395e554a435e880fee83a5c73b9259ed8a135a75e4b1e4f381f7",
    "https://deno.land/std@0.164.0/crypto/mod.ts": "ee76e7df2e3346a8233861ecb66659da37c7b7fa730b48d765f3fb80fff1819e",
    "https://deno.land/std@0.164.0/crypto/timing_safe_equal.ts": "3784958e40a5fe10429a68b75cc5f8d34356bf0bc2eb93c80c3033e2a6f17821",
    "https://deno.land/std@0.164.0/crypto/util.ts": "93fc9dbaa62421538ad60ee65337cbf1d8a0298fac3c4f70b37e5627e7e129eb",
    "https://deno.land/std@0.164.0/encoding/base64.ts": "c57868ca7fa2fbe919f57f88a623ad34e3d970d675bdc1ff3a9d02bba7409db2",
    "https://deno.land/std@0.164.0/encoding/base64url.ts": "a5f82a9fa703bd85a5eb8e7c1296bc6529e601ebd9642cc2b5eaa6b38fa9e05a",
    "https://deno.land/std@0.164.0/encoding/hex.ts": "4cc5324417cbb4ac9b828453d35aed45b9cc29506fad658f1f138d981ae33795",
    "https://deno.land/x/base@2.0.4/deps.ts": "eb703990a1487e76866103110a80c1dabb943411ae59049887e70d045e50b201",
    "https://deno.land/x/base@2.0.4/lib/Base.ts": "9e841bc4dfe33dd29dd9396899b48a3006729269ee7cc8811a3332cd32517669",
    "https://deno.land/x/base@2.0.4/lib/bases.ts": "7cb38bccc2418d1f54998ac2872bbed5573c01d7caa5e58b459005941145ecca",
    "https://deno.land/x/base@2.0.4/lib/constants.ts": "8b51a5f536f2dd9871e194b289a70eba31ed08dfcbac05d382a339346f51bb65",
    "https://deno.land/x/base@2.0.4/lib/decode.ts": "bacf95b2668d98e93e7db08e8d277e5eb96d5567e412a0c9df1b7c9625c95ed4",
    "https://deno.land/x/base@2.0.4/lib/encode.ts": "329cfc77351c4e48019119ddc7ea170b0c7b3a9e21e2693bbbdea53238775683",
    "https://deno.land/x/base@2.0.4/lib/translate.ts": "91cdb33daff41e40524087dc5d41bef408a094958407b357c258069756b8cd0b",
    "https://deno.land/x/base@2.0.4/lib/verifyBase.ts": "fc54c26c8963a9cbc2fdf9202a4c741b6d4f577b3e53f1b61a2cf1b741285833",
    "https://deno.land/x/base@2.0.4/lib/verifyString.ts": "11068ec848bb3285f20955698f0f24fb4a403e68d10606c5c05aff4e4175a13d",
    "https://deno.land/x/base@2.0.4/mod.ts": "41429d49c060e44b06f9e7fd01998a3bf95e0be7d95af1b1cba94f6524aaaaaa",
    "https://deno.land/x/big@1.0.0/lib/big.ts": "51abbc8a49f1dedf100e2293a886e21f3c94a1095793fbc1e1e1f40ebf3c33cb",
    "https://deno.land/x/big@1.0.0/mod.ts": "5c7621c2fc671db604c8d72439767c633a2d4d1594d1ebf547478bbf5220f69a",
    "https://deno.land/x/grammy@v1.12.0/bot.ts": "6e4ceacfa6febe7262bb3792f2889189e859d79f9e5835f2297f703ed230ebc9",
    "https://deno.land/x/grammy@v1.12.0/composer.ts": "1d2e164f9934466553d7f9bf9bf2fe65a1f453b7f7ce3cf57066d87382c6dac2",
    "https://deno.land/x/grammy@v1.12.0/context.ts": "eaf9ab22ef40d0244c4ca52d781e272dc84cac39dd3b4fe9874f6e3cb16a745b",
    "https://deno.land/x/grammy@v1.12.0/convenience/frameworks.deno.ts": "dfa1c824ce3c06447cc0d714210db77e87502fb45879662c36a721a603109b9f",
    "https://deno.land/x/grammy@v1.12.0/convenience/frameworks.shared.ts": "b59c24178da1fd0a126dca331dae4a04dfaed1d5604485cb9ca14a36bf0fa106",
    "https://deno.land/x/grammy@v1.12.0/convenience/keyboard.ts": "e3535432bcc35b00f991e08f8707a6ad330f9c851fd189832d163c0c39862171",
    "https://deno.land/x/grammy@v1.12.0/convenience/session.ts": "07fc0c64650d87cfe20de95c3261b9edf3ff46c65a7b86d98c3e0ce001220722",
    "https://deno.land/x/grammy@v1.12.0/convenience/webhook.ts": "805aa953f4626aff7b84fde156dff2ea3cc166d674f2d844a8ab2adad1a03589",
    "https://deno.land/x/grammy@v1.12.0/core/api.ts": "9484ae98c2bfa750388f0ccf6226b744b058ba048f3c0868e256b277ac8a028a",
    "https://deno.land/x/grammy@v1.12.0/core/client.ts": "8914f13b2cb69f16104a9711e4fea0a4500edd0950736dcc3ac078ab46f7a5ab",
    "https://deno.land/x/grammy@v1.12.0/core/error.ts": "4638b2127ebe60249c78b83011d468f5e1e1a87748d32fe11a8200d9f824ad13",
    "https://deno.land/x/grammy@v1.12.0/core/payload.ts": "bed2e44fb567259ee2cab70a7734544c90fae80cb937b354ee1427d0f0883b39",
    "https://deno.land/x/grammy@v1.12.0/filter.ts": "8fa7186db9c1eb84f0138ab9984e723d2ea76dac9bcb6889268c92c9a8fc2e8c",
    "https://deno.land/x/grammy@v1.12.0/mod.ts": "6d96b0c7b4c8b9448b9f9903a95a78c3379febd36b0f6485ad567d79b153c794",
    "https://deno.land/x/grammy@v1.12.0/platform.deno.ts": "62375602eb39a3f711e01c20e39e6af127e612f8d02c45fb7c32b37bad33210b",
    "https://deno.land/x/grammy@v1.12.0/types.deno.ts": "19214bd12cb0796083954dc00e1629fbf6fa8d495bdf7d6b66c45398c4d5f1c9",
    "https://deno.land/x/grammy@v1.12.0/types.ts": "729415590dfa188dbe924dea614dff4e976babdbabb28a307b869fc25777cdf0",
    "https://deno.land/x/grammy_menu@v1.1.2/deps.deno.ts": "496e8f8fe1eb050e5531026cf5c6d7a7df559676a1db41f9c9e367cea9987fa9",
    "https://deno.land/x/grammy_menu@v1.1.2/menu.ts": "490d69a2c7d08fb5d712e06f641fc667f126ea5c065be07637cc237b60b8a218",
    "https://deno.land/x/monads@v0.5.10/either/either.ts": "89f539c7d50bd0ee8d9b902f37ef16687c19b62cc9dd23454029c97fbfc15cc6",
    "https://deno.land/x/monads@v0.5.10/index.ts": "f0e90b8c1dd767efca137d682ac1a19b2dbae4d1990b8a79a40b4e054c69b3d6",
    "https://deno.land/x/monads@v0.5.10/mod.ts": "f1b16a34d47e58fdf9f1f54c49d2fe6df67b3d2e077e21638f25fbe080eee6cf",
    "https://deno.land/x/monads@v0.5.10/option/option.ts": "76ef03c3370207112759f932f39aab04999cdd1a5c5a954769b3868602faf883",
    "https://deno.land/x/monads@v0.5.10/result/result.ts": "bb482b7b90949d3a67e78b4b0dd949774eccaa808df39ac83f6a585526edeb37",
    "https://deno.land/x/redis@v0.27.3/backoff.ts": "33e4a6e245f8743fbae0ce583993a671a3ac2ecee433a3e7f0bd77b5dd541d84",
    "https://deno.land/x/redis@v0.27.3/command.ts": "9d1a679821c9065298fc2b8831b6532605426259b17a1f9d41ee9219180244c7",
    "https://deno.land/x/redis@v0.27.3/connection.ts": "c31d2e0cb360bc641e7286f1d53cf58790fbcda025c06887f84a821f39d0fdff",
    "https://deno.land/x/redis@v0.27.3/errors.ts": "bc8f7091cb9f36cdd31229660e0139350b02c26851e3ac69d592c066745feb27",
    "https://deno.land/x/redis@v0.27.3/executor.ts": "03e5f43df4e0c9c62b0e1be778811d45b6a1966ddf406e21ed5a227af70b7183",
    "https://deno.land/x/redis@v0.27.3/mod.ts": "20908f005f5c102525ce6aa9261648c95c5f61c6cf782b2cbb2fce88b1220f69",
    "https://deno.land/x/redis@v0.27.3/pipeline.ts": "80cc26a881149264d51dd019f1044c4ec9012399eca9f516057dc81c9b439370",
    "https://deno.land/x/redis@v0.27.3/protocol/_util.ts": "0525f7f444a96b92cd36423abdfe221f8d8de4a018dc5cb6750a428a5fc897c2",
    "https://deno.land/x/redis@v0.27.3/protocol/command.ts": "b1efd3b62fe5d1230e6d96b5c65ba7de1592a1eda2cc927161e5997a15f404ac",
    "https://deno.land/x/redis@v0.27.3/protocol/mod.ts": "f2601df31d8adc71785b5d19f6a7e43dfce94adbb6735c4dafc1fb129169d11a",
    "https://deno.land/x/redis@v0.27.3/protocol/reply.ts": "925a7c0d585bcd120a2b926a7955c69318fd371f403027866cb901d960bd3fb1",
    "https://deno.land/x/redis@v0.27.3/protocol/types.ts": "6bf515b69712dfd4ab45caf1d0054b8fcdd6e1afb55b2bd9a221e9ecb066f658",
    "https://deno.land/x/redis@v0.27.3/pubsub.ts": "03d9624a8bc071891fb21b29624be0d60875fbd6ef06d5c71d96d778c9ab44ae",
    "https://deno.land/x/redis@v0.27.3/redis.ts": "a7124077920b84e6cfa230fb6ee9259dc7acfb7fd1bcf6c57219210c7dd1022e",
    "https://deno.land/x/redis@v0.27.3/stream.ts": "f116d73cfe04590ff9fa8a3c08be8ff85219d902ef2f6929b8c1e88d92a07810",
    "https://deno.land/x/redis@v0.27.3/vendor/https/deno.land/std/async/deferred.ts": "f0ae1d1a752d82a8c7b04ef7599e470b82dfe0b5bfa1c30efbd81ec629208a11",
    "https://deno.land/x/redis@v0.27.3/vendor/https/deno.land/std/async/delay.ts": "dfada19b221a41177fb0a0b7b579c29b3da88ffa34fe90631472a6b8ac05a235",
    "https://deno.land/x/redis@v0.27.3/vendor/https/deno.land/std/io/buffer.ts": "fe14daa7deb1b98d5c87be349394bb14627b98adfbb1cad55cfe06e443e8cc74",
    "https://edge.netlify.com/": "610a527f95d87f722762bf3745be72361ad681411f25bf7b86e3ace654513531",
    "https://edge.netlify.com/bootstrap/account.ts": "db03119ab77f583fe3085958b3739043713f84454adba665666b7d437531dab4",
    "https://edge.netlify.com/bootstrap/config.ts": "259500db44d5f01371bea2ef54e1ad163409e067f5dc084d615bd23832116313",
    "https://edge.netlify.com/bootstrap/context.ts": "222d5c9f94dfb0ee515f33a5f918b84c3b2be567577d426231d12df687caffdf",
    "https://edge.netlify.com/bootstrap/cookie_store.ts": "bea757a992bfdd732f68704988c693b3d28ab64a827df32ab6f20e37e9c483b6",
    "https://edge.netlify.com/bootstrap/edge_function.ts": "a4badf05712b596e0d1a8bb02e3de3f0d3b0b1ee85035c25bb645760986af469",
    "https://edge.netlify.com/bootstrap/environment.ts": "310fda1b6341d50ba1b7838acd3acdcc883a6c59e30783fa486fa03fa512cd3f",
    "https://edge.netlify.com/bootstrap/feature_flags.ts": "7d08fd81442364a1756184de62ad8de1ac118799812c6f7fd9f8733431993a77",
    "https://edge.netlify.com/bootstrap/function_chain.ts": "3dc04f7f5cd65cf21ad33e54dc7af91591eedd1391a293e835cd9313d3776d1c",
    "https://edge.netlify.com/bootstrap/geo.ts": "aa52dbe3bd74ae7568e20772700568751f812aa8ca2af728db7462a1d67c2d76",
    "https://edge.netlify.com/bootstrap/handler.ts": "f9342fa87a00fabfdcb8e72acb9bf4e62ea5725437ca99738a91c5b1cc528d57",
    "https://edge.netlify.com/bootstrap/headers.ts": "27fbcef9fc61e5ff3d1530570791b81b9130e7efda72b210f57b07905536ed03",
    "https://edge.netlify.com/bootstrap/log/log_location.ts": "d9b95652637070d3245a515e1f26f175428aa5c0517a9a1375efac393ef14b16",
    "https://edge.netlify.com/bootstrap/log/types.ts": "be534c9e56a358189415e7c447e093daa4293e89c05a210ab20a1218802ac4f9",
    "https://edge.netlify.com/bootstrap/request.ts": "c856c5a668c726464083bae9b1e3bfafbc8fb2aa0c7ce29f97784e7e77936ad7",
    "https://edge.netlify.com/bootstrap/response.ts": "beac0d12589790a233873439e82c57c019ea1a600609f9658e65a171004dd4fe",
    "https://edge.netlify.com/bootstrap/retry.ts": "4883f1cfc65d7cfe29d7336db62843493c894200add79267be3f1886929be5d2",
    "https://edge.netlify.com/bootstrap/site.ts": "92469673f289c124a9985c7027dc6c166364371b209b5a674aa05d482ad5583b",
    "https://edge.netlify.com/bootstrap/stage_2.ts": "aec0414b2abce6b75d6b57f0fedbed9f39479553dc950e0eb54669e589363c1a",
    "https://edge.netlify.com/bootstrap/system_log.ts": "5d98c90e1ba94f44dc660df852cdfcaded685833cb04bf9bd955ceba468fa43e",
    "https://edge.netlify.com/bootstrap/util/named_wrapper.ts": "a2b16dc9a8e8fb07509b5cfe29203eebd5bfaafe7589669bae544c8d4d606934",
    "https://esm.sh/@grammyjs/types@2.10.0": "0e73c0a69f7319aca578c2261dc19260fff4c026be3755b09c0a60c583cbd361",
    "https://esm.sh/@grammyjs/types@2.10.2": "d8ebce99dd9bd2fa1bd7fddc490bd62245912fbd73baa5c99b691749a825d685",
    "https://esm.sh/v98/@grammyjs/types@2.10.0/api.d.ts": "efc90a31eb6f59ae5e7a4cf5838f46529e2fa6fa7e97a51a82dbd28afad21592",
    "https://esm.sh/v98/@grammyjs/types@2.10.0/deno/types.js": "56f17a0d1225b8dd12f7b0610c56ea32847807a42910a28997a5129f19b3afab",
    "https://esm.sh/v98/@grammyjs/types@2.10.0/index.d.ts": "1c60004dec6270d9badd5ed195dbd6d4ddd00fa701acfeea922ed9f4861576a4",
    "https://esm.sh/v98/@grammyjs/types@2.10.0/inline.d.ts": "573b2790679c5c0910847a60064ae85c6f6007bfa139e3f611dd917f9c54399b",
    "https://esm.sh/v98/@grammyjs/types@2.10.0/manage.d.ts": "b676fb7be0583d2a9332b13eb928bffea0d106c8d24b9fd84809addc0830d8c0",
    "https://esm.sh/v98/@grammyjs/types@2.10.0/markup.d.ts": "a70b21cd9e7a6708c0f3697b067e0b97cec864a960883e0c3e9dd16c18ee0d5e",
    "https://esm.sh/v98/@grammyjs/types@2.10.0/menu-button.d.ts": "096e03dadaf3af415c48c14cb91380769df01dcccbb0931575bf5f15a5df5cd7",
    "https://esm.sh/v98/@grammyjs/types@2.10.0/message.d.ts": "72e7ea2b9424c966db0599e75852c230281c3453531100bf1b432921c1da227f",
    "https://esm.sh/v98/@grammyjs/types@2.10.0/passport.d.ts": "e3fb63aec96510bcc317ef48fd25b435444b8f407502d7568c00fce15f2958fd",
    "https://esm.sh/v98/@grammyjs/types@2.10.0/payment.d.ts": "410c384a26d24252219713adeb0c360d5d038102ab9d1a6e9aad20b603830d0c",
    "https://esm.sh/v98/@grammyjs/types@2.10.0/proxied.d.ts": "a4720570e16d86b6030d0e03ad1b7eb3fa492d9e24833fa322f09f3494874629",
    "https://esm.sh/v98/@grammyjs/types@2.10.0/update.d.ts": "caf8e01cc0857bde5a787243bc307d3e621f86242dd4058f5e20b156f61c083d",
    "https://esm.sh/v98/@grammyjs/types@2.10.2/api.d.ts": "efc90a31eb6f59ae5e7a4cf5838f46529e2fa6fa7e97a51a82dbd28afad21592",
    "https://esm.sh/v98/@grammyjs/types@2.10.2/deno/types.js": "1dd145fdb88ebd81801dbc8a98a76863950ade648acbe7184f26fc938fcbbc71",
    "https://esm.sh/v98/@grammyjs/types@2.10.2/index.d.ts": "1c60004dec6270d9badd5ed195dbd6d4ddd00fa701acfeea922ed9f4861576a4",
    "https://esm.sh/v98/@grammyjs/types@2.10.2/inline.d.ts": "573b2790679c5c0910847a60064ae85c6f6007bfa139e3f611dd917f9c54399b",
    "https://esm.sh/v98/@grammyjs/types@2.10.2/manage.d.ts": "a4fc390b9dc7b533147384abfb34bb25b3fd44ef0ee52bd82b10f0718b4578bc",
    "https://esm.sh/v98/@grammyjs/types@2.10.2/markup.d.ts": "a70b21cd9e7a6708c0f3697b067e0b97cec864a960883e0c3e9dd16c18ee0d5e",
    "https://esm.sh/v98/@grammyjs/types@2.10.2/menu-button.d.ts": "096e03dadaf3af415c48c14cb91380769df01dcccbb0931575bf5f15a5df5cd7",
    "https://esm.sh/v98/@grammyjs/types@2.10.2/message.d.ts": "72e7ea2b9424c966db0599e75852c230281c3453531100bf1b432921c1da227f",
    "https://esm.sh/v98/@grammyjs/types@2.10.2/passport.d.ts": "e3fb63aec96510bcc317ef48fd25b435444b8f407502d7568c00fce15f2958fd",
    "https://esm.sh/v98/@grammyjs/types@2.10.2/payment.d.ts": "410c384a26d24252219713adeb0c360d5d038102ab9d1a6e9aad20b603830d0c",
    "https://esm.sh/v98/@grammyjs/types@2.10.2/proxied.d.ts": "6fc564e4a077ad3acb2b58e1460b781f712d265295d3de5d03d0773b5f92f0c1",
    "https://esm.sh/v98/@grammyjs/types@2.10.2/update.d.ts": "caf8e01cc0857bde5a787243bc307d3e621f86242dd4058f5e20b156f61c083d"
  }
}
